
Microsoft Visual Studio Solution File, Format Version 12.00
# Visual Studio Version 17
VisualStudioVersion = 17.9.34616.47
MinimumVisualStudioVersion = 10.0.40219.1
Project("{FAE04EC0-301F-11D3-BF4B-00C04F79EFBC}") = "Shop", "Shop\Shop.csproj", "{0DB19B18-A853-4F7D-BFFA-1CFA6EBF4773}"
EndProject
Project("{FAE04EC0-301F-11D3-BF4B-00C04F79EFBC}") = "Shop.DAL", "Shop.DAL\Shop.DAL.csproj", "{55DCF443-1F1C-489E-AD36-28AA4CBD0C7C}"
EndProject
Project("{FAE04EC0-301F-11D3-BF4B-00C04F79EFBC}") = "Shop.BLL", "Shop.BLL\Shop.BLL.csproj", "{70537FD1-141C-484C-A045-F8EBE973988B}"
EndProject
Project("{00D1A9C2-B5F0-4AF3-8072-F6C62B433612}") = "Shop.DB", "Shop.DB\Shop.DB.sqlproj", "{FDA9F1E1-A25F-4187-AF26-BD265A81448D}"
EndProject
Global
	GlobalSection(SolutionConfigurationPlatforms) = preSolution
		Debug|Any CPU = Debug|Any CPU
		Release|Any CPU = Release|Any CPU
	EndGlobalSection
	GlobalSection(ProjectConfigurationPlatforms) = postSolution
		{0DB19B18-A853-4F7D-BFFA-1CFA6EBF4773}.Debug|Any CPU.ActiveCfg = Debug|Any CPU
		{0DB19B18-A853-4F7D-BFFA-1CFA6EBF4773}.Debug|Any CPU.Build.0 = Debug|Any CPU
		{0DB19B18-A853-4F7D-BFFA-1CFA6EBF4773}.Release|Any CPU.ActiveCfg = Release|Any CPU
		{0DB19B18-A853-4F7D-BFFA-1CFA6EBF4773}.Release|Any CPU.Build.0 = Release|Any CPU
		{55DCF443-1F1C-489E-AD36-28AA4CBD0C7C}.Debug|Any CPU.ActiveCfg = Debug|Any CPU
		{55DCF443-1F1C-489E-AD36-28AA4CBD0C7C}.Debug|Any CPU.Build.0 = Debug|Any CPU
		{55DCF443-1F1C-489E-AD36-28AA4CBD0C7C}.Release|Any CPU.ActiveCfg = Release|Any CPU
		{55DCF443-1F1C-489E-AD36-28AA4CBD0C7C}.Release|Any CPU.Build.0 = Release|Any CPU
		{70537FD1-141C-484C-A045-F8EBE973988B}.Debug|Any CPU.ActiveCfg = Debug|Any CPU
		{70537FD1-141C-484C-A045-F8EBE973988B}.Debug|Any CPU.Build.0 = Debug|Any CPU
		{70537FD1-141C-484C-A045-F8EBE973988B}.Release|Any CPU.ActiveCfg = Release|Any CPU
		{70537FD1-141C-484C-A045-F8EBE973988B}.Release|Any CPU.Build.0 = Release|Any CPU
		{FDA9F1E1-A25F-4187-AF26-BD265A81448D}.Debug|Any CPU.ActiveCfg = Debug|Any CPU
		{FDA9F1E1-A25F-4187-AF26-BD265A81448D}.Debug|Any CPU.Build.0 = Debug|Any CPU
		{FDA9F1E1-A25F-4187-AF26-BD265A81448D}.Debug|Any CPU.Deploy.0 = Debug|Any CPU
		{FDA9F1E1-A25F-4187-AF26-BD265A81448D}.Release|Any CPU.ActiveCfg = Release|Any CPU
		{FDA9F1E1-A25F-4187-AF26-BD265A81448D}.Release|Any CPU.Build.0 = Release|Any CPU
		{FDA9F1E1-A25F-4187-AF26-BD265A81448D}.Release|Any CPU.Deploy.0 = Release|Any CPU
	EndGlobalSection
	GlobalSection(SolutionProperties) = preSolution
		HideSolutionNode = FALSE
	EndGlobalSection
	GlobalSection(ExtensibilityGlobals) = postSolution
		SolutionGuid = {9ED82EFE-5097-43F5-9DE2-48A86D8A1D1D}
	EndGlobalSection
EndGlobal
